
Microsoft Visual Studio Solution File, Format Version 12.00
# Visual Studio 2012
Project("{FAE04EC0-301F-11D3-BF4B-00C04F79EFBC}") = "CozmoAPI", "CozmoAPI\CozmoAPI.csproj", "{4BB8A984-F0CE-4512-83CE-446629C3C6E0}"
EndProject
Project("{FAE04EC0-301F-11D3-BF4B-00C04F79EFBC}") = "CozmoAPIExamples", "CozmoAPIExamples\CozmoAPIExamples.csproj", "{63F363A9-66C8-40A9-9A9B-80E9210E0C83}"
EndProject
Global
	GlobalSection(TeamFoundationVersionControl) = preSolution
		SccNumberOfProjects = 3
		SccEnterpriseProvider = {4CA58AB2-18FA-4F8D-95D4-32DDF27D184C}
		SccTeamFoundationServer = http://benmain2:8080/tfs/defaultcollection
		SccLocalPath0 = .
		SccProjectUniqueName1 = CozmoAPI\\CozmoAPI.csproj
		SccProjectName1 = CozmoAPI
		SccLocalPath1 = CozmoAPI
		SccProjectUniqueName2 = CozmoAPIExamples\\CozmoAPIExamples.csproj
		SccProjectName2 = CozmoAPIExamples
		SccLocalPath2 = CozmoAPIExamples
	EndGlobalSection
	GlobalSection(SolutionConfigurationPlatforms) = preSolution
		Debug|Any CPU = Debug|Any CPU
		Release|Any CPU = Release|Any CPU
	EndGlobalSection
	GlobalSection(ProjectConfigurationPlatforms) = postSolution
		{4BB8A984-F0CE-4512-83CE-446629C3C6E0}.Debug|Any CPU.ActiveCfg = Debug|Any CPU
		{4BB8A984-F0CE-4512-83CE-446629C3C6E0}.Debug|Any CPU.Build.0 = Debug|Any CPU
		{4BB8A984-F0CE-4512-83CE-446629C3C6E0}.Release|Any CPU.ActiveCfg = Release|Any CPU
		{4BB8A984-F0CE-4512-83CE-446629C3C6E0}.Release|Any CPU.Build.0 = Release|Any CPU
		{63F363A9-66C8-40A9-9A9B-80E9210E0C83}.Debug|Any CPU.ActiveCfg = Debug|Any CPU
		{63F363A9-66C8-40A9-9A9B-80E9210E0C83}.Debug|Any CPU.Build.0 = Debug|Any CPU
		{63F363A9-66C8-40A9-9A9B-80E9210E0C83}.Release|Any CPU.ActiveCfg = Release|Any CPU
		{63F363A9-66C8-40A9-9A9B-80E9210E0C83}.Release|Any CPU.Build.0 = Release|Any CPU
	EndGlobalSection
	GlobalSection(SolutionProperties) = preSolution
		HideSolutionNode = FALSE
	EndGlobalSection
EndGlobal
